# THIS IS AN AUTOGENERATED FILE. DO NOT EDIT THIS FILE DIRECTLY.
# yarn lockfile v1


commander@2:
  version "2.20.0"
  resolved "https://registry.yarnpkg.com/commander/-/commander-2.20.0.tgz#d58bb2b5c1ee8f87b0d340027e9e94e222c5a422"
  integrity sha512-7j2y+40w61zy6YC2iRNpUe/NwhNyoXrYpHMrSunaMG64nRnaf96zO/KMQR4OyN/UnE5KLyEBnKHd4aG3rskjpQ==

d3-queue@2.0.3:
  version "2.0.3"
  resolved "https://registry.yarnpkg.com/d3-queue/-/d3-queue-2.0.3.tgz#07fbda3acae5358a9c5299aaf880adf0953ed2c2"
  integrity sha1-B/vaOsrlNYqcUpmq+ICt8JU+0sI=

html2canvas@0.5.0-beta4:
  version "0.5.0-beta4"
  resolved "https://registry.yarnpkg.com/html2canvas/-/html2canvas-0.5.0-beta4.tgz#8282c62ac5fd78168f5702b5e4877157ca93f39e"
  integrity sha1-goLGKsX9eBaPVwK15IdxV8qT854=

leaflet-image@^0.4.0:
  version "0.4.0"
  resolved "https://registry.yarnpkg.com/leaflet-image/-/leaflet-image-0.4.0.tgz#e84f22ff6288f09b9b0e2f51a4850a9f07968cc1"
  integrity sha1-6E8i/2KI8JubDi9RpIUKnweWjME=
  dependencies:
    d3-queue "2.0.3"

leaflet.export@^1.0.0:
  version "1.0.0"
  resolved "https://registry.yarnpkg.com/leaflet.export/-/leaflet.export-1.0.0.tgz#a28b20c7c1d7c94702e5b5b3e65f835235d010f6"
  integrity sha512-6oNwqy4YxL/ByMfR0qm4AkllaoDGfGTUAEPuobm781OFAgaj+xW5zPsSlXjfgvUb1ofAPzunD9y6QE96S1j18g==
  dependencies:
    html2canvas "0.5.0-beta4"
    leaflet "1.2.0"

leaflet@1.2.0:
  version "1.2.0"
  resolved "https://registry.yarnpkg.com/leaflet/-/leaflet-1.2.0.tgz#fd5d93d9cb00091f5f8a69206d0d6744c1c82697"
  integrity sha512-Bold8phAE6WcRsuwhofrQ7cOK1REFHaYIkKuj7+TBYK3ONKRpGGIb5oXR5akYotFnrWN0TWKh6Svlhflm3dogg==

leaflet@^1.5.1:
  version "1.5.1"
  resolved "https://registry.yarnpkg.com/leaflet/-/leaflet-1.5.1.tgz#9afb9d963d66c870066b1342e7a06f92840f46bf"
  integrity sha512-ekM9KAeG99tYisNBg0IzEywAlp0hYI5XRipsqRXyRTeuU8jcuntilpp+eFf5gaE0xubc9RuSNIVtByEKwqFV0w==

topojson-client@3, topojson-client@3.0.0:
  version "3.0.0"
  resolved "https://registry.yarnpkg.com/topojson-client/-/topojson-client-3.0.0.tgz#1f99293a77ef42a448d032a81aa982b73f360d2f"
  integrity sha1-H5kpOnfvQqRI0DKoGqmCtz82DS8=
  dependencies:
    commander "2"

topojson-server@3.0.0:
  version "3.0.0"
  resolved "https://registry.yarnpkg.com/topojson-server/-/topojson-server-3.0.0.tgz#378e78e87c3972a7b5be2c5d604369b6bae69c5e"
  integrity sha1-N4546Hw5cqe1vixdYENptrrmnF4=
  dependencies:
    commander "2"

topojson-simplify@3.0.2:
  version "3.0.2"
  resolved "https://registry.yarnpkg.com/topojson-simplify/-/topojson-simplify-3.0.2.tgz#8a2403e639531500fafa0c6594e8b0fadebc2c02"
  integrity sha512-gyYSVRt4jO/0RJXKZQPzTDQRWV+D/nOfiljNUv0HBXslFLtq3yxRHrl7jbrjdbda5Ytdr7M8BZUI4OxU7tnbRQ==
  dependencies:
    commander "2"
    topojson-client "3"

topojson@^3.0.2:
  version "3.0.2"
  resolved "https://registry.yarnpkg.com/topojson/-/topojson-3.0.2.tgz#fcb927306c3e0fa76656fa58deed4555d2346fb4"
  integrity sha512-u3zeuL6WEVL0dmsRn7uHZKc4Ao4gpW3sORUv+N3ezLTvY3JdCuyg0hvpWiIfFw8p/JwVN++SvAsFgcFEeR15rQ==
  dependencies:
    topojson-client "3.0.0"
    topojson-server "3.0.0"
    topojson-simplify "3.0.2"
